
Microsoft Visual Studio Solution File, Format Version 12.00
# Visual Studio Version 17
VisualStudioVersion = 17.9.34728.123
MinimumVisualStudioVersion = 10.0.40219.1
Project("{9A19103F-16F7-4668-BE54-9A1E7A4F7556}") = "FleetManagement", "FleetManagement.csproj", "{AC435774-40E0-434F-B738-528F82C22496}"
EndProject
Project("{FAE04EC0-301F-11D3-BF4B-00C04F79EFBC}") = "TestFleetManagement", "..\TestFleetManagemente\TestFleetManagement.csproj", "{022390B8-E52B-48BE-9C56-74EE16ACED9B}"
EndProject
Global
	GlobalSection(SolutionConfigurationPlatforms) = preSolution
		Debug|Any CPU = Debug|Any CPU
		Release|Any CPU = Release|Any CPU
	EndGlobalSection
	GlobalSection(ProjectConfigurationPlatforms) = postSolution
		{AC435774-40E0-434F-B738-528F82C22496}.Debug|Any CPU.ActiveCfg = Debug|Any CPU
		{AC435774-40E0-434F-B738-528F82C22496}.Debug|Any CPU.Build.0 = Debug|Any CPU
		{AC435774-40E0-434F-B738-528F82C22496}.Release|Any CPU.ActiveCfg = Release|Any CPU
		{AC435774-40E0-434F-B738-528F82C22496}.Release|Any CPU.Build.0 = Release|Any CPU
		{022390B8-E52B-48BE-9C56-74EE16ACED9B}.Debug|Any CPU.ActiveCfg = Debug|Any CPU
		{022390B8-E52B-48BE-9C56-74EE16ACED9B}.Debug|Any CPU.Build.0 = Debug|Any CPU
		{022390B8-E52B-48BE-9C56-74EE16ACED9B}.Release|Any CPU.ActiveCfg = Release|Any CPU
		{022390B8-E52B-48BE-9C56-74EE16ACED9B}.Release|Any CPU.Build.0 = Release|Any CPU
	EndGlobalSection
	GlobalSection(SolutionProperties) = preSolution
		HideSolutionNode = FALSE
	EndGlobalSection
	GlobalSection(ExtensibilityGlobals) = postSolution
		SolutionGuid = {EA8101C4-23C2-413D-B23F-433B88CA25F3}
	EndGlobalSection
EndGlobal
